Microsoft Visual Studio Solution File, Format Version 12.00
# Visual Studio Version 17
VisualStudioVersion = 17.5.2.0
MinimumVisualStudioVersion = 10.0.40219.1
Project("{2150E333-8FDC-42A3-9474-1A3956D46DE8}") = "skeleton", "skeleton", "{366761F2-F674-08D0-B9A4-4628AC3BF116}"
EndProject
Project("{2150E333-8FDC-42A3-9474-1A3956D46DE8}") = "2025", "2025", "{C6DF1451-56B5-EAD0-27C3-671E9BD5E906}"
EndProject
Project("{2150E333-8FDC-42A3-9474-1A3956D46DE8}") = "2022", "2022", "{C4D89311-AFE9-6323-3FF6-D384F1CDA061}"
EndProject
Project("{FAE04EC0-301F-11D3-BF4B-00C04F79EFBC}") = "c#", "skeleton\c#\c#.csproj", "{2F3C94FB-66DC-5675-1CA6-347FCC63764B}"
EndProject
Project("{2150E333-8FDC-42A3-9474-1A3956D46DE8}") = "Day5", "Day5", "{81603282-9A5A-F797-094D-B9D8B0906B7E}"
EndProject
Project("{2150E333-8FDC-42A3-9474-1A3956D46DE8}") = "Part2", "Part2", "{07AC21BB-441F-5463-7D47-58BE3CC59565}"
EndProject
Project("{FAE04EC0-301F-11D3-BF4B-00C04F79EFBC}") = "c#", "2025\Day5\Part2\c#.csproj", "{05C57E43-6DC7-1046-6346-41EA7D756DC0}"
EndProject
Project("{2150E333-8FDC-42A3-9474-1A3956D46DE8}") = "Part1", "Part1", "{515989F9-1E2F-6A9B-831B-E1921BAAC85B}"
EndProject
Project("{FAE04EC0-301F-11D3-BF4B-00C04F79EFBC}") = "c#", "2025\Day5\Part1\c#.csproj", "{14064D14-14C7-E66A-FB62-9F12F0189CBC}"
EndProject
Project("{2150E333-8FDC-42A3-9474-1A3956D46DE8}") = "Day9", "Day9", "{69ED44FA-329B-A371-D3BD-3ECD0DDBF564}"
EndProject
Project("{2150E333-8FDC-42A3-9474-1A3956D46DE8}") = "Part1", "Part1", "{5FB62DF9-AF29-08F4-BC96-BEDD94B3C5CF}"
EndProject
Project("{FAE04EC0-301F-11D3-BF4B-00C04F79EFBC}") = "c#", "2022\Day9\Part1\c#.csproj", "{068324EC-DCBB-550C-D21F-9EB697B7637A}"
EndProject
Project("{2150E333-8FDC-42A3-9474-1A3956D46DE8}") = "Day1", "Day1", "{C3394197-83EF-218B-C44F-60DC370EF162}"
EndProject
Project("{2150E333-8FDC-42A3-9474-1A3956D46DE8}") = "Part2", "Part2", "{B9D80601-90A9-566A-06D8-525CA130A099}"
EndProject
Project("{FAE04EC0-301F-11D3-BF4B-00C04F79EFBC}") = "Part1", "2022\Day1\Part2\Part1.csproj", "{FBA6103D-DC53-D374-0D95-4D54C8F179EC}"
EndProject
Project("{FAE04EC0-301F-11D3-BF4B-00C04F79EFBC}") = "Part1", "2022\Day1\Part1\Part1.csproj", "{E1344AB7-1D87-037E-2291-D202F1B9AA87}"
EndProject
Project("{2150E333-8FDC-42A3-9474-1A3956D46DE8}") = "Day4", "Day4", "{CC757647-D069-2D4A-2149-FFE60FCCBF4F}"
EndProject
Project("{2150E333-8FDC-42A3-9474-1A3956D46DE8}") = "Part2", "Part2", "{E19FDDDC-D591-75A9-7CE0-551E33B089E0}"
EndProject
Project("{FAE04EC0-301F-11D3-BF4B-00C04F79EFBC}") = "c#", "2022\Day4\Part2\c#.csproj", "{947E67A2-EDE9-CA96-7C40-1D01B914B6A6}"
EndProject
Project("{2150E333-8FDC-42A3-9474-1A3956D46DE8}") = "Part1", "Part1", "{49915C3A-F9F7-EB9A-F3F4-D330E41F7050}"
EndProject
Project("{FAE04EC0-301F-11D3-BF4B-00C04F79EFBC}") = "c#", "2022\Day4\Part1\c#.csproj", "{3A201C79-5228-6274-8D66-F22B1BE1C028}"
EndProject
Project("{2150E333-8FDC-42A3-9474-1A3956D46DE8}") = "Day3", "Day3", "{50C3594D-C7DE-6EE3-CA06-B732E64C8913}"
EndProject
Project("{2150E333-8FDC-42A3-9474-1A3956D46DE8}") = "Part2", "Part2", "{83068213-CF3F-D43B-7E7F-F982C5FA02C8}"
EndProject
Project("{FAE04EC0-301F-11D3-BF4B-00C04F79EFBC}") = "c#", "2022\Day3\Part2\c#.csproj", "{83E74172-620A-2579-8AAB-4916C81BFEDF}"
EndProject
Project("{2150E333-8FDC-42A3-9474-1A3956D46DE8}") = "Part1", "Part1", "{E7202877-499E-3EFA-00DA-61D59FBFC773}"
EndProject
Project("{FAE04EC0-301F-11D3-BF4B-00C04F79EFBC}") = "c#", "2022\Day3\Part1\c#.csproj", "{40FFD30E-872D-8633-349A-974D4153B949}"
EndProject
Project("{2150E333-8FDC-42A3-9474-1A3956D46DE8}") = "Day6", "Day6", "{746086CF-1874-6410-BB33-9FD1E76598FF}"
EndProject
Project("{2150E333-8FDC-42A3-9474-1A3956D46DE8}") = "Part2", "Part2", "{9BC50373-9753-E7CA-DB64-1A9748CA34E4}"
EndProject
Project("{FAE04EC0-301F-11D3-BF4B-00C04F79EFBC}") = "c#", "2022\Day6\Part2\c#.csproj", "{6C97A19D-B3A3-0162-D542-1BA35A60C4B0}"
EndProject
Project("{2150E333-8FDC-42A3-9474-1A3956D46DE8}") = "Part1", "Part1", "{F9BEAC54-0563-1D68-0A03-A4D6E9E46028}"
EndProject
Project("{FAE04EC0-301F-11D3-BF4B-00C04F79EFBC}") = "c#", "2022\Day6\Part1\c#.csproj", "{878EFBAC-03AF-ACC3-F7C4-833F301C62D9}"
EndProject
Project("{2150E333-8FDC-42A3-9474-1A3956D46DE8}") = "Day8", "Day8", "{23DC73CA-5760-2FA4-617F-F74EA6665CF4}"
EndProject
Project("{2150E333-8FDC-42A3-9474-1A3956D46DE8}") = "Part2", "Part2", "{CFCAAA25-3D88-D65B-5C4A-09BE5BC0A0FD}"
EndProject
Project("{FAE04EC0-301F-11D3-BF4B-00C04F79EFBC}") = "c#", "2022\Day8\Part2\c#.csproj", "{E51813D5-D13C-E33F-6DCC-AC3979E5D662}"
EndProject
Project("{2150E333-8FDC-42A3-9474-1A3956D46DE8}") = "Part1", "Part1", "{90698739-2B9D-63F5-4CA4-17F05D1FC571}"
EndProject
Project("{FAE04EC0-301F-11D3-BF4B-00C04F79EFBC}") = "c#", "2022\Day8\Part1\c#.csproj", "{1CE8B98D-021F-F2E0-4B00-9C79F68678F5}"
EndProject
Project("{2150E333-8FDC-42A3-9474-1A3956D46DE8}") = "Day2", "Day2", "{90BC5BA5-5D7A-ED2A-36D5-A6AF5FC96F05}"
EndProject
Project("{2150E333-8FDC-42A3-9474-1A3956D46DE8}") = "Part2", "Part2", "{9C792991-8B79-701D-D2D1-5E7EF49DA3A2}"
EndProject
Project("{FAE04EC0-301F-11D3-BF4B-00C04F79EFBC}") = "c#", "2022\Day2\Part2\c#.csproj", "{3FECC907-DC0C-7E5C-BADB-19C1CF6056F2}"
EndProject
Project("{2150E333-8FDC-42A3-9474-1A3956D46DE8}") = "Part1", "Part1", "{486434E7-1285-5549-2EB9-DD186E718EF9}"
EndProject
Project("{FAE04EC0-301F-11D3-BF4B-00C04F79EFBC}") = "c#", "2022\Day2\Part1\c#.csproj", "{995A9459-EEC7-10E6-E4D3-B11A978BBB16}"
EndProject
Project("{2150E333-8FDC-42A3-9474-1A3956D46DE8}") = "Day5", "Day5", "{4A8E1F8F-A2AB-B5AC-AA2B-BEF9B7553EB8}"
EndProject
Project("{2150E333-8FDC-42A3-9474-1A3956D46DE8}") = "Part2", "Part2", "{A9C78929-F91A-DF87-CBC6-507F017E662B}"
EndProject
Project("{FAE04EC0-301F-11D3-BF4B-00C04F79EFBC}") = "c#", "2022\Day5\Part2\c#.csproj", "{09DB6672-5853-5F56-375A-A55AC23EDE93}"
EndProject
Project("{2150E333-8FDC-42A3-9474-1A3956D46DE8}") = "Part1", "Part1", "{133B7870-05DB-2642-3C5D-44C31E257D05}"
EndProject
Project("{FAE04EC0-301F-11D3-BF4B-00C04F79EFBC}") = "c#", "2022\Day5\Part1\c#.csproj", "{471892CE-AA11-E149-3475-AFD15DA9D5F6}"
EndProject
Project("{2150E333-8FDC-42A3-9474-1A3956D46DE8}") = "Day7", "Day7", "{CBA65BDF-4E4C-D4CD-D3ED-86E652D6F006}"
EndProject
Project("{2150E333-8FDC-42A3-9474-1A3956D46DE8}") = "Part1", "Part1", "{44E6780A-9E64-D440-6798-0313F376DFB7}"
EndProject
Project("{FAE04EC0-301F-11D3-BF4B-00C04F79EFBC}") = "c#", "2022\Day7\Part1\c#.csproj", "{D526A9A5-F8E8-D951-2149-93620BBDDF8A}"
EndProject
Global
	GlobalSection(SolutionConfigurationPlatforms) = preSolution
		Debug|Any CPU = Debug|Any CPU
		Release|Any CPU = Release|Any CPU
	EndGlobalSection
	GlobalSection(ProjectConfigurationPlatforms) = postSolution
		{2F3C94FB-66DC-5675-1CA6-347FCC63764B}.Debug|Any CPU.ActiveCfg = Debug|Any CPU
		{2F3C94FB-66DC-5675-1CA6-347FCC63764B}.Debug|Any CPU.Build.0 = Debug|Any CPU
		{2F3C94FB-66DC-5675-1CA6-347FCC63764B}.Release|Any CPU.ActiveCfg = Release|Any CPU
		{2F3C94FB-66DC-5675-1CA6-347FCC63764B}.Release|Any CPU.Build.0 = Release|Any CPU
		{05C57E43-6DC7-1046-6346-41EA7D756DC0}.Debug|Any CPU.ActiveCfg = Debug|Any CPU
		{05C57E43-6DC7-1046-6346-41EA7D756DC0}.Debug|Any CPU.Build.0 = Debug|Any CPU
		{05C57E43-6DC7-1046-6346-41EA7D756DC0}.Release|Any CPU.ActiveCfg = Release|Any CPU
		{05C57E43-6DC7-1046-6346-41EA7D756DC0}.Release|Any CPU.Build.0 = Release|Any CPU
		{14064D14-14C7-E66A-FB62-9F12F0189CBC}.Debug|Any CPU.ActiveCfg = Debug|Any CPU
		{14064D14-14C7-E66A-FB62-9F12F0189CBC}.Debug|Any CPU.Build.0 = Debug|Any CPU
		{14064D14-14C7-E66A-FB62-9F12F0189CBC}.Release|Any CPU.ActiveCfg = Release|Any CPU
		{14064D14-14C7-E66A-FB62-9F12F0189CBC}.Release|Any CPU.Build.0 = Release|Any CPU
		{068324EC-DCBB-550C-D21F-9EB697B7637A}.Debug|Any CPU.ActiveCfg = Debug|Any CPU
		{068324EC-DCBB-550C-D21F-9EB697B7637A}.Debug|Any CPU.Build.0 = Debug|Any CPU
		{068324EC-DCBB-550C-D21F-9EB697B7637A}.Release|Any CPU.ActiveCfg = Release|Any CPU
		{068324EC-DCBB-550C-D21F-9EB697B7637A}.Release|Any CPU.Build.0 = Release|Any CPU
		{FBA6103D-DC53-D374-0D95-4D54C8F179EC}.Debug|Any CPU.ActiveCfg = Debug|Any CPU
		{FBA6103D-DC53-D374-0D95-4D54C8F179EC}.Debug|Any CPU.Build.0 = Debug|Any CPU
		{FBA6103D-DC53-D374-0D95-4D54C8F179EC}.Release|Any CPU.ActiveCfg = Release|Any CPU
		{FBA6103D-DC53-D374-0D95-4D54C8F179EC}.Release|Any CPU.Build.0 = Release|Any CPU
		{E1344AB7-1D87-037E-2291-D202F1B9AA87}.Debug|Any CPU.ActiveCfg = Debug|Any CPU
		{E1344AB7-1D87-037E-2291-D202F1B9AA87}.Debug|Any CPU.Build.0 = Debug|Any CPU
		{E1344AB7-1D87-037E-2291-D202F1B9AA87}.Release|Any CPU.ActiveCfg = Release|Any CPU
		{E1344AB7-1D87-037E-2291-D202F1B9AA87}.Release|Any CPU.Build.0 = Release|Any CPU
		{947E67A2-EDE9-CA96-7C40-1D01B914B6A6}.Debug|Any CPU.ActiveCfg = Debug|Any CPU
		{947E67A2-EDE9-CA96-7C40-1D01B914B6A6}.Debug|Any CPU.Build.0 = Debug|Any CPU
		{947E67A2-EDE9-CA96-7C40-1D01B914B6A6}.Release|Any CPU.ActiveCfg = Release|Any CPU
		{947E67A2-EDE9-CA96-7C40-1D01B914B6A6}.Release|Any CPU.Build.0 = Release|Any CPU
		{3A201C79-5228-6274-8D66-F22B1BE1C028}.Debug|Any CPU.ActiveCfg = Debug|Any CPU
		{3A201C79-5228-6274-8D66-F22B1BE1C028}.Debug|Any CPU.Build.0 = Debug|Any CPU
		{3A201C79-5228-6274-8D66-F22B1BE1C028}.Release|Any CPU.ActiveCfg = Release|Any CPU
		{3A201C79-5228-6274-8D66-F22B1BE1C028}.Release|Any CPU.Build.0 = Release|Any CPU
		{83E74172-620A-2579-8AAB-4916C81BFEDF}.Debug|Any CPU.ActiveCfg = Debug|Any CPU
		{83E74172-620A-2579-8AAB-4916C81BFEDF}.Debug|Any CPU.Build.0 = Debug|Any CPU
		{83E74172-620A-2579-8AAB-4916C81BFEDF}.Release|Any CPU.ActiveCfg = Release|Any CPU
		{83E74172-620A-2579-8AAB-4916C81BFEDF}.Release|Any CPU.Build.0 = Release|Any CPU
		{40FFD30E-872D-8633-349A-974D4153B949}.Debug|Any CPU.ActiveCfg = Debug|Any CPU
		{40FFD30E-872D-8633-349A-974D4153B949}.Debug|Any CPU.Build.0 = Debug|Any CPU
		{40FFD30E-872D-8633-349A-974D4153B949}.Release|Any CPU.ActiveCfg = Release|Any CPU
		{40FFD30E-872D-8633-349A-974D4153B949}.Release|Any CPU.Build.0 = Release|Any CPU
		{6C97A19D-B3A3-0162-D542-1BA35A60C4B0}.Debug|Any CPU.ActiveCfg = Debug|Any CPU
		{6C97A19D-B3A3-0162-D542-1BA35A60C4B0}.Debug|Any CPU.Build.0 = Debug|Any CPU
		{6C97A19D-B3A3-0162-D542-1BA35A60C4B0}.Release|Any CPU.ActiveCfg = Release|Any CPU
		{6C97A19D-B3A3-0162-D542-1BA35A60C4B0}.Release|Any CPU.Build.0 = Release|Any CPU
		{878EFBAC-03AF-ACC3-F7C4-833F301C62D9}.Debug|Any CPU.ActiveCfg = Debug|Any CPU
		{878EFBAC-03AF-ACC3-F7C4-833F301C62D9}.Debug|Any CPU.Build.0 = Debug|Any CPU
		{878EFBAC-03AF-ACC3-F7C4-833F301C62D9}.Release|Any CPU.ActiveCfg = Release|Any CPU
		{878EFBAC-03AF-ACC3-F7C4-833F301C62D9}.Release|Any CPU.Build.0 = Release|Any CPU
		{E51813D5-D13C-E33F-6DCC-AC3979E5D662}.Debug|Any CPU.ActiveCfg = Debug|Any CPU
		{E51813D5-D13C-E33F-6DCC-AC3979E5D662}.Debug|Any CPU.Build.0 = Debug|Any CPU
		{E51813D5-D13C-E33F-6DCC-AC3979E5D662}.Release|Any CPU.ActiveCfg = Release|Any CPU
		{E51813D5-D13C-E33F-6DCC-AC3979E5D662}.Release|Any CPU.Build.0 = Release|Any CPU
		{1CE8B98D-021F-F2E0-4B00-9C79F68678F5}.Debug|Any CPU.ActiveCfg = Debug|Any CPU
		{1CE8B98D-021F-F2E0-4B00-9C79F68678F5}.Debug|Any CPU.Build.0 = Debug|Any CPU
		{1CE8B98D-021F-F2E0-4B00-9C79F68678F5}.Release|Any CPU.ActiveCfg = Release|Any CPU
		{1CE8B98D-021F-F2E0-4B00-9C79F68678F5}.Release|Any CPU.Build.0 = Release|Any CPU
		{3FECC907-DC0C-7E5C-BADB-19C1CF6056F2}.Debug|Any CPU.ActiveCfg = Debug|Any CPU
		{3FECC907-DC0C-7E5C-BADB-19C1CF6056F2}.Debug|Any CPU.Build.0 = Debug|Any CPU
		{3FECC907-DC0C-7E5C-BADB-19C1CF6056F2}.Release|Any CPU.ActiveCfg = Release|Any CPU
		{3FECC907-DC0C-7E5C-BADB-19C1CF6056F2}.Release|Any CPU.Build.0 = Release|Any CPU
		{995A9459-EEC7-10E6-E4D3-B11A978BBB16}.Debug|Any CPU.ActiveCfg = Debug|Any CPU
		{995A9459-EEC7-10E6-E4D3-B11A978BBB16}.Debug|Any CPU.Build.0 = Debug|Any CPU
		{995A9459-EEC7-10E6-E4D3-B11A978BBB16}.Release|Any CPU.ActiveCfg = Release|Any CPU
		{995A9459-EEC7-10E6-E4D3-B11A978BBB16}.Release|Any CPU.Build.0 = Release|Any CPU
		{09DB6672-5853-5F56-375A-A55AC23EDE93}.Debug|Any CPU.ActiveCfg = Debug|Any CPU
		{09DB6672-5853-5F56-375A-A55AC23EDE93}.Debug|Any CPU.Build.0 = Debug|Any CPU
		{09DB6672-5853-5F56-375A-A55AC23EDE93}.Release|Any CPU.ActiveCfg = Release|Any CPU
		{09DB6672-5853-5F56-375A-A55AC23EDE93}.Release|Any CPU.Build.0 = Release|Any CPU
		{471892CE-AA11-E149-3475-AFD15DA9D5F6}.Debug|Any CPU.ActiveCfg = Debug|Any CPU
		{471892CE-AA11-E149-3475-AFD15DA9D5F6}.Debug|Any CPU.Build.0 = Debug|Any CPU
		{471892CE-AA11-E149-3475-AFD15DA9D5F6}.Release|Any CPU.ActiveCfg = Release|Any CPU
		{471892CE-AA11-E149-3475-AFD15DA9D5F6}.Release|Any CPU.Build.0 = Release|Any CPU
		{D526A9A5-F8E8-D951-2149-93620BBDDF8A}.Debug|Any CPU.ActiveCfg = Debug|Any CPU
		{D526A9A5-F8E8-D951-2149-93620BBDDF8A}.Debug|Any CPU.Build.0 = Debug|Any CPU
		{D526A9A5-F8E8-D951-2149-93620BBDDF8A}.Release|Any CPU.ActiveCfg = Release|Any CPU
		{D526A9A5-F8E8-D951-2149-93620BBDDF8A}.Release|Any CPU.Build.0 = Release|Any CPU
	EndGlobalSection
	GlobalSection(SolutionProperties) = preSolution
		HideSolutionNode = FALSE
	EndGlobalSection
	GlobalSection(NestedProjects) = preSolution
		{2F3C94FB-66DC-5675-1CA6-347FCC63764B} = {366761F2-F674-08D0-B9A4-4628AC3BF116}
		{81603282-9A5A-F797-094D-B9D8B0906B7E} = {C6DF1451-56B5-EAD0-27C3-671E9BD5E906}
		{07AC21BB-441F-5463-7D47-58BE3CC59565} = {81603282-9A5A-F797-094D-B9D8B0906B7E}
		{05C57E43-6DC7-1046-6346-41EA7D756DC0} = {07AC21BB-441F-5463-7D47-58BE3CC59565}
		{515989F9-1E2F-6A9B-831B-E1921BAAC85B} = {81603282-9A5A-F797-094D-B9D8B0906B7E}
		{14064D14-14C7-E66A-FB62-9F12F0189CBC} = {515989F9-1E2F-6A9B-831B-E1921BAAC85B}
		{69ED44FA-329B-A371-D3BD-3ECD0DDBF564} = {C4D89311-AFE9-6323-3FF6-D384F1CDA061}
		{5FB62DF9-AF29-08F4-BC96-BEDD94B3C5CF} = {69ED44FA-329B-A371-D3BD-3ECD0DDBF564}
		{068324EC-DCBB-550C-D21F-9EB697B7637A} = {5FB62DF9-AF29-08F4-BC96-BEDD94B3C5CF}
		{C3394197-83EF-218B-C44F-60DC370EF162} = {C4D89311-AFE9-6323-3FF6-D384F1CDA061}
		{B9D80601-90A9-566A-06D8-525CA130A099} = {C3394197-83EF-218B-C44F-60DC370EF162}
		{FBA6103D-DC53-D374-0D95-4D54C8F179EC} = {B9D80601-90A9-566A-06D8-525CA130A099}
		{E1344AB7-1D87-037E-2291-D202F1B9AA87} = {C3394197-83EF-218B-C44F-60DC370EF162}
		{CC757647-D069-2D4A-2149-FFE60FCCBF4F} = {C4D89311-AFE9-6323-3FF6-D384F1CDA061}
		{E19FDDDC-D591-75A9-7CE0-551E33B089E0} = {CC757647-D069-2D4A-2149-FFE60FCCBF4F}
		{947E67A2-EDE9-CA96-7C40-1D01B914B6A6} = {E19FDDDC-D591-75A9-7CE0-551E33B089E0}
		{49915C3A-F9F7-EB9A-F3F4-D330E41F7050} = {CC757647-D069-2D4A-2149-FFE60FCCBF4F}
		{3A201C79-5228-6274-8D66-F22B1BE1C028} = {49915C3A-F9F7-EB9A-F3F4-D330E41F7050}
		{50C3594D-C7DE-6EE3-CA06-B732E64C8913} = {C4D89311-AFE9-6323-3FF6-D384F1CDA061}
		{83068213-CF3F-D43B-7E7F-F982C5FA02C8} = {50C3594D-C7DE-6EE3-CA06-B732E64C8913}
		{83E74172-620A-2579-8AAB-4916C81BFEDF} = {83068213-CF3F-D43B-7E7F-F982C5FA02C8}
		{E7202877-499E-3EFA-00DA-61D59FBFC773} = {50C3594D-C7DE-6EE3-CA06-B732E64C8913}
		{40FFD30E-872D-8633-349A-974D4153B949} = {E7202877-499E-3EFA-00DA-61D59FBFC773}
		{746086CF-1874-6410-BB33-9FD1E76598FF} = {C4D89311-AFE9-6323-3FF6-D384F1CDA061}
		{9BC50373-9753-E7CA-DB64-1A9748CA34E4} = {746086CF-1874-6410-BB33-9FD1E76598FF}
		{6C97A19D-B3A3-0162-D542-1BA35A60C4B0} = {9BC50373-9753-E7CA-DB64-1A9748CA34E4}
		{F9BEAC54-0563-1D68-0A03-A4D6E9E46028} = {746086CF-1874-6410-BB33-9FD1E76598FF}
		{878EFBAC-03AF-ACC3-F7C4-833F301C62D9} = {F9BEAC54-0563-1D68-0A03-A4D6E9E46028}
		{23DC73CA-5760-2FA4-617F-F74EA6665CF4} = {C4D89311-AFE9-6323-3FF6-D384F1CDA061}
		{CFCAAA25-3D88-D65B-5C4A-09BE5BC0A0FD} = {23DC73CA-5760-2FA4-617F-F74EA6665CF4}
		{E51813D5-D13C-E33F-6DCC-AC3979E5D662} = {CFCAAA25-3D88-D65B-5C4A-09BE5BC0A0FD}
		{90698739-2B9D-63F5-4CA4-17F05D1FC571} = {23DC73CA-5760-2FA4-617F-F74EA6665CF4}
		{1CE8B98D-021F-F2E0-4B00-9C79F68678F5} = {90698739-2B9D-63F5-4CA4-17F05D1FC571}
		{90BC5BA5-5D7A-ED2A-36D5-A6AF5FC96F05} = {C4D89311-AFE9-6323-3FF6-D384F1CDA061}
		{9C792991-8B79-701D-D2D1-5E7EF49DA3A2} = {90BC5BA5-5D7A-ED2A-36D5-A6AF5FC96F05}
		{3FECC907-DC0C-7E5C-BADB-19C1CF6056F2} = {9C792991-8B79-701D-D2D1-5E7EF49DA3A2}
		{486434E7-1285-5549-2EB9-DD186E718EF9} = {90BC5BA5-5D7A-ED2A-36D5-A6AF5FC96F05}
		{995A9459-EEC7-10E6-E4D3-B11A978BBB16} = {486434E7-1285-5549-2EB9-DD186E718EF9}
		{4A8E1F8F-A2AB-B5AC-AA2B-BEF9B7553EB8} = {C4D89311-AFE9-6323-3FF6-D384F1CDA061}
		{A9C78929-F91A-DF87-CBC6-507F017E662B} = {4A8E1F8F-A2AB-B5AC-AA2B-BEF9B7553EB8}
		{09DB6672-5853-5F56-375A-A55AC23EDE93} = {A9C78929-F91A-DF87-CBC6-507F017E662B}
		{133B7870-05DB-2642-3C5D-44C31E257D05} = {4A8E1F8F-A2AB-B5AC-AA2B-BEF9B7553EB8}
		{471892CE-AA11-E149-3475-AFD15DA9D5F6} = {133B7870-05DB-2642-3C5D-44C31E257D05}
		{CBA65BDF-4E4C-D4CD-D3ED-86E652D6F006} = {C4D89311-AFE9-6323-3FF6-D384F1CDA061}
		{44E6780A-9E64-D440-6798-0313F376DFB7} = {CBA65BDF-4E4C-D4CD-D3ED-86E652D6F006}
		{D526A9A5-F8E8-D951-2149-93620BBDDF8A} = {44E6780A-9E64-D440-6798-0313F376DFB7}
	EndGlobalSection
	GlobalSection(ExtensibilityGlobals) = postSolution
		SolutionGuid = {DE1A8EC8-A6FD-4327-A96D-90C7AE880FB6}
	EndGlobalSection
EndGlobal
